apiVersion: krew.googlecontainertools.github.com/v1alpha2
kind: Plugin
metadata:
  name: lock
spec:
  version: v0.0.5
  homepage: https://github.com/chaosinthecrd/kube-lock
  shortDescription: A pane of glass between you and your Kubernetes clusters
  description: |
    An intermediary between you and kubectl, allowing you to lock/unlock contexts.
  caveats: must alias `kubectl` to kubectl-lock kubectl in `.bashrc`/`.zshrc` (e.g., alias kubectl='kubectl-lock kubectl --')
  platforms:
    - selector:
        matchLabels:
          os: darwin
          arch: amd64
      uri: https://github.com/chaosinthecrd/kube-lock/releases/download/v0.0.5/kube-lock_v0.0.5_darwin_amd64.tar.gz
      sha256: 6e07fcb4e751b6b86835aa36f20deef6de884d090e67d0a6789906f9ae653e37
      bin: kubectl-lock
    - selector:
        matchLabels:
          os: darwin
          arch: arm64
      uri: https://github.com/chaosinthecrd/kube-lock/releases/download/v0.0.5/kube-lock_v0.0.5_darwin_arm64.tar.gz
      sha256: 3ecd3e13910fcb7e1935bf5cb23d0228b7750ba23e49fd3292f226bf00ee4e38
      bin: kubectl-lock
    - selector:
        matchLabels:
          os: linux
          arch: amd64
      uri: https://github.com/chaosinthecrd/kube-lock/releases/download/v0.0.5/kube-lock_v0.0.5_linux_amd64.tar.gz
      sha256: 687ed257b35c031f5963d65c8d9deba90fc0723f48c57e6d72fc73839c1ad4d9
      bin: kubectl-lock
    - selector:
        matchLabels:
          os: windows
          arch: amd64
      uri: https://github.com/chaosinthecrd/kube-lock/releases/download/v0.0.5/kube-lock_v0.0.5_windows_amd64.tar.gz
      sha256: 6bf4dcff3390770b29e9a47d214b2d90f3606d3f7c815d7097cf1dd0e3e80cfe
      bin: kubectl-lock.exe
