apiVersion: krew.googlecontainertools.github.com/v1alpha2
kind: Plugin
metadata:
  name: lock
spec:
  version: v0.0.5
  homepage: https://github.com/chaosinthecrd/kube-lock
  shortDescription: A pane of glass between you and your Kubernetes clusters
  description: |
    An intermediary between you and kubectl, allowing you to lock/unlock contexts.
  caveats: must alias `kubectl` to kubectl-lock kubectl in `.bashrc`/`.zshrc` (e.g., alias kubectl='kubectl-lock kubectl --')
  platforms:
    - selector:
        matchLabels:
          os: darwin
          arch: amd64
      uri: https://github.com/chaosinthecrd/kube-lock/releases/download/v0.0.5/kube-lock_v0.0.5_darwin_amd64.tar.gz
      sha256: 40b1c7802e3bb26a121e7325fd9384dc89f1f8541eaa02468daf954326572eff
      bin: kubectl-lock
    - selector:
        matchLabels:
          os: darwin
          arch: arm64
      uri: https://github.com/chaosinthecrd/kube-lock/releases/download/v0.0.5/kube-lock_v0.0.5_darwin_arm64.tar.gz
      sha256: 6d9a8670a44c4e7b813e213324b25b19312e358c57c661e2805567b8148145c0
      bin: kubectl-lock
    - selector:
        matchLabels:
          os: linux
          arch: amd64
      uri: https://github.com/chaosinthecrd/kube-lock/releases/download/v0.0.5/kube-lock_v0.0.5_linux_amd64.tar.gz
      sha256: 982d6b239373658331393639caa7ac929a207a18f9058a21a70b5143e1d262d1
      bin: kubectl-lock
    - selector:
        matchLabels:
          os: windows
          arch: amd64
      uri: https://github.com/chaosinthecrd/kube-lock/releases/download/v0.0.5/kube-lock_v0.0.5_windows_amd64.tar.gz
      sha256: d8b55d6683af200a0e5d06d4929e48369e318d7d725cd91728a087c7b8f16e4d
      bin: kubectl-lock.exe
